
Microsoft Visual Studio Solution File, Format Version 12.00
# Visual Studio Version 16
VisualStudioVersion = 16.0.31019.35
MinimumVisualStudioVersion = 10.0.40219.1
Project("{FAE04EC0-301F-11D3-BF4B-00C04F79EFBC}") = "vatSys.Plugins.FdrEnhancer", "VatSys.Plugins.FdrEnhancer\vatSys.Plugins.FdrEnhancer.csproj", "{B0DB8ABC-327E-45AB-95CA-025282FD0148}"
EndProject
Project("{FAE04EC0-301F-11D3-BF4B-00C04F79EFBC}") = "vatSys.Plugins.LiftoffTimer", "VatSys.Plugins.LiftoffTimer\vatSys.Plugins.LiftoffTimer.csproj", "{001983F9-17FB-41CC-B21A-B467F93962BE}"
EndProject
Project("{2150E333-8FDC-42A3-9474-1A3956D46DE8}") = "Download Files", "Download Files", "{ADA70C5D-7AB2-4249-9B17-9D2FFBA30F50}"
	ProjectSection(SolutionItems) = preProject
		..\..\..\Documents\vatSys Files\Profiles\Australia\Labels.xml = ..\..\..\Documents\vatSys Files\Profiles\Australia\Labels.xml
	EndProjectSection
EndProject
Global
	GlobalSection(SolutionConfigurationPlatforms) = preSolution
		Debug|Any CPU = Debug|Any CPU
		Debug|x86 = Debug|x86
		Release|Any CPU = Release|Any CPU
		Release|x86 = Release|x86
	EndGlobalSection
	GlobalSection(ProjectConfigurationPlatforms) = postSolution
		{B0DB8ABC-327E-45AB-95CA-025282FD0148}.Debug|Any CPU.ActiveCfg = Debug|Any CPU
		{B0DB8ABC-327E-45AB-95CA-025282FD0148}.Debug|Any CPU.Build.0 = Debug|Any CPU
		{B0DB8ABC-327E-45AB-95CA-025282FD0148}.Debug|x86.ActiveCfg = Debug|x86
		{B0DB8ABC-327E-45AB-95CA-025282FD0148}.Debug|x86.Build.0 = Debug|x86
		{B0DB8ABC-327E-45AB-95CA-025282FD0148}.Release|Any CPU.ActiveCfg = Release|Any CPU
		{B0DB8ABC-327E-45AB-95CA-025282FD0148}.Release|Any CPU.Build.0 = Release|Any CPU
		{B0DB8ABC-327E-45AB-95CA-025282FD0148}.Release|x86.ActiveCfg = Release|x86
		{B0DB8ABC-327E-45AB-95CA-025282FD0148}.Release|x86.Build.0 = Release|x86
		{001983F9-17FB-41CC-B21A-B467F93962BE}.Debug|Any CPU.ActiveCfg = Debug|Any CPU
		{001983F9-17FB-41CC-B21A-B467F93962BE}.Debug|Any CPU.Build.0 = Debug|Any CPU
		{001983F9-17FB-41CC-B21A-B467F93962BE}.Debug|x86.ActiveCfg = Debug|x86
		{001983F9-17FB-41CC-B21A-B467F93962BE}.Debug|x86.Build.0 = Debug|x86
		{001983F9-17FB-41CC-B21A-B467F93962BE}.Release|Any CPU.ActiveCfg = Release|Any CPU
		{001983F9-17FB-41CC-B21A-B467F93962BE}.Release|Any CPU.Build.0 = Release|Any CPU
		{001983F9-17FB-41CC-B21A-B467F93962BE}.Release|x86.ActiveCfg = Release|x86
		{001983F9-17FB-41CC-B21A-B467F93962BE}.Release|x86.Build.0 = Release|x86
	EndGlobalSection
	GlobalSection(SolutionProperties) = preSolution
		HideSolutionNode = FALSE
	EndGlobalSection
	GlobalSection(ExtensibilityGlobals) = postSolution
		SolutionGuid = {54540C4D-BB54-458B-A8CE-4B3104A60F88}
	EndGlobalSection
EndGlobal
